
Microsoft Visual Studio Solution File, Format Version 12.00
# Visual Studio 15
VisualStudioVersion = 15.0.28307.572
MinimumVisualStudioVersion = 10.0.40219.1
Project("{FAE04EC0-301F-11D3-BF4B-00C04F79EFBC}") = "AbilisExercise.Entities", "AbilisExercise.Entities\AbilisExercise.Entities.csproj", "{DFFC371C-5A2B-403A-A5F7-197F151A54BA}"
EndProject
Project("{FAE04EC0-301F-11D3-BF4B-00C04F79EFBC}") = "AbilisExercise.Web", "AbilisExercise.Web\AbilisExercise.Web.csproj", "{3DEE1B81-B893-4AB1-86EE-41D2DB86229D}"
EndProject
Project("{FAE04EC0-301F-11D3-BF4B-00C04F79EFBC}") = "AbilisExercise.Data", "AbilisExercise.Data\AbilisExercise.Data.csproj", "{508B7DB7-B752-4886-95F6-559DC86AC171}"
EndProject
Global
	GlobalSection(SolutionConfigurationPlatforms) = preSolution
		Debug|Any CPU = Debug|Any CPU
		Release|Any CPU = Release|Any CPU
	EndGlobalSection
	GlobalSection(ProjectConfigurationPlatforms) = postSolution
		{DFFC371C-5A2B-403A-A5F7-197F151A54BA}.Debug|Any CPU.ActiveCfg = Debug|Any CPU
		{DFFC371C-5A2B-403A-A5F7-197F151A54BA}.Debug|Any CPU.Build.0 = Debug|Any CPU
		{DFFC371C-5A2B-403A-A5F7-197F151A54BA}.Release|Any CPU.ActiveCfg = Release|Any CPU
		{DFFC371C-5A2B-403A-A5F7-197F151A54BA}.Release|Any CPU.Build.0 = Release|Any CPU
		{3DEE1B81-B893-4AB1-86EE-41D2DB86229D}.Debug|Any CPU.ActiveCfg = Debug|Any CPU
		{3DEE1B81-B893-4AB1-86EE-41D2DB86229D}.Debug|Any CPU.Build.0 = Debug|Any CPU
		{3DEE1B81-B893-4AB1-86EE-41D2DB86229D}.Release|Any CPU.ActiveCfg = Release|Any CPU
		{3DEE1B81-B893-4AB1-86EE-41D2DB86229D}.Release|Any CPU.Build.0 = Release|Any CPU
		{508B7DB7-B752-4886-95F6-559DC86AC171}.Debug|Any CPU.ActiveCfg = Debug|Any CPU
		{508B7DB7-B752-4886-95F6-559DC86AC171}.Debug|Any CPU.Build.0 = Debug|Any CPU
		{508B7DB7-B752-4886-95F6-559DC86AC171}.Release|Any CPU.ActiveCfg = Release|Any CPU
		{508B7DB7-B752-4886-95F6-559DC86AC171}.Release|Any CPU.Build.0 = Release|Any CPU
	EndGlobalSection
	GlobalSection(SolutionProperties) = preSolution
		HideSolutionNode = FALSE
	EndGlobalSection
	GlobalSection(ExtensibilityGlobals) = postSolution
		SolutionGuid = {FA142B3C-539F-4E1D-85C6-8D3D283252A5}
	EndGlobalSection
EndGlobal
